Microsoft Visual Studio Solution File, Format Version 12.00
# Visual Studio 2012
Project("{FAE04EC0-301F-11D3-BF4B-00C04F79EFBC}") = "MartianMike", "MartianMike.csproj", "{BD31DF63-C55A-40DE-B0B8-0A5177F53DD6}"
EndProject
Global
	GlobalSection(SolutionConfigurationPlatforms) = preSolution
	Debug|Any CPU = Debug|Any CPU
	ExportDebug|Any CPU = ExportDebug|Any CPU
	ExportRelease|Any CPU = ExportRelease|Any CPU
	EndGlobalSection
	GlobalSection(ProjectConfigurationPlatforms) = postSolution
		{BD31DF63-C55A-40DE-B0B8-0A5177F53DD6}.Debug|Any CPU.ActiveCfg = Debug|Any CPU
		{BD31DF63-C55A-40DE-B0B8-0A5177F53DD6}.Debug|Any CPU.Build.0 = Debug|Any CPU
		{BD31DF63-C55A-40DE-B0B8-0A5177F53DD6}.ExportDebug|Any CPU.ActiveCfg = ExportDebug|Any CPU
		{BD31DF63-C55A-40DE-B0B8-0A5177F53DD6}.ExportDebug|Any CPU.Build.0 = ExportDebug|Any CPU
		{BD31DF63-C55A-40DE-B0B8-0A5177F53DD6}.ExportRelease|Any CPU.ActiveCfg = ExportRelease|Any CPU
		{BD31DF63-C55A-40DE-B0B8-0A5177F53DD6}.ExportRelease|Any CPU.Build.0 = ExportRelease|Any CPU
	EndGlobalSection
EndGlobal
